
Microsoft Visual Studio Solution File, Format Version 12.00
# Visual Studio Version 17
VisualStudioVersion = 17.10.35027.167
MinimumVisualStudioVersion = 10.0.40219.1
Project("{FAE04EC0-301F-11D3-BF4B-00C04F79EFBC}") = "XmlToExcel", "XmlToExcel.csproj", "{111A3F22-EB12-4DAB-905C-6AABB70EE172}"
EndProject
Global
	GlobalSection(SolutionConfigurationPlatforms) = preSolution
		Debug|Any CPU = Debug|Any CPU
		Release|Any CPU = Release|Any CPU
	EndGlobalSection
	GlobalSection(ProjectConfigurationPlatforms) = postSolution
		{111A3F22-EB12-4DAB-905C-6AABB70EE172}.Debug|Any CPU.ActiveCfg = Debug|Any CPU
		{111A3F22-EB12-4DAB-905C-6AABB70EE172}.Debug|Any CPU.Build.0 = Debug|Any CPU
		{111A3F22-EB12-4DAB-905C-6AABB70EE172}.Release|Any CPU.ActiveCfg = Release|Any CPU
		{111A3F22-EB12-4DAB-905C-6AABB70EE172}.Release|Any CPU.Build.0 = Release|Any CPU
	EndGlobalSection
	GlobalSection(SolutionProperties) = preSolution
		HideSolutionNode = FALSE
	EndGlobalSection
	GlobalSection(ExtensibilityGlobals) = postSolution
		SolutionGuid = {C85E223C-A469-46E0-A8FF-D50E1E9F224C}
	EndGlobalSection
EndGlobal
